{
  "css/00-global.css": "8054e121baa4e3e1691ece33741defb4854d251044e3e95de3ee3173349c94c3",
  "css/01-twitcanva.css": "2a54d013c2acfd8c42ded7c2c841c9e935652b8c9a01b3e1cce19e72c7507e75",
  "css/03-ui-skill-lab.css": "140c9ae3517dc1a30a1e9592d29f2769d699f65e688431b7e47b17639d508b6a",
  "css/04-guangfan.css": "4d10cda518d84b7c07a04abcab5c8b9dc852e524a829b68e31762e388fb73bdc",
  "css/05-footer.css": "bb0e70e548068014dfeefaabf33e21c5c7dee0c71727c1f14e4bea68fb3e315f",
  "html_twitcanva": "07869c902931da68f35cf63461e985acb6751deb561c8bd0b73382e7b923edcb",
  "html_ui_skill_lab": "d9ba0d3cf48e5df2cdb09f99ca7e80ff214825662c55358b19f55f59c693960e",
  "html_guangfan": "9dcbe73493fa5fde3e225849f23d9b70af67b09a5422e96ac72bbc8b95355033",
  "html_profile_thanks": "5a5ed451a03408863c599ca8f0e5926055afe6553278e78ad28d20663772c94d"
}