{
  "css/00-global.css": "8054e121baa4e3e1691ece33741defb4854d251044e3e95de3ee3173349c94c3",
  "css/01-twitcanva.css": "2a54d013c2acfd8c42ded7c2c841c9e935652b8c9a01b3e1cce19e72c7507e75",
  "css/03-ui-skill-lab.css": "140c9ae3517dc1a30a1e9592d29f2769d699f65e688431b7e47b17639d508b6a",
  "css/04-guangfan.css": "4d10cda518d84b7c07a04abcab5c8b9dc852e524a829b68e31762e388fb73bdc",
  "css/05-footer.css": "bb0e70e548068014dfeefaabf33e21c5c7dee0c71727c1f14e4bea68fb3e315f",
  "html_twitcanva": "bc7b9aafe523966b9cff059a3d1230e13f9f1f116e6e2a26fb92c4d4b73d5980",
  "html_ui_skill_lab": "3099f536b207a1d8f5d50346b371eeca08d2eb518f9065a8294d9459a431960c",
  "html_guangfan": "cdab118f2a2b7f70fe882f403805459e0d4b4288eee9d6fb8eeda77648e3b987",
  "html_closing_footer": "ae2dae2b32aa778fa7dd28f348b392ebc6c5b4bd8536d7fcafcc48905932a14b"
}